
Microsoft Visual Studio Solution File, Format Version 11.00
# Visual Studio 2010
Project("{FAE04EC0-301F-11D3-BF4B-00C04F79EFBC}") = "Web", "src\Web\Web.csproj", "{227CF4D7-921C-41B1-9E64-928BE75314EC}"
EndProject
Global
	GlobalSection(SolutionConfigurationPlatforms) = preSolution
		Debug|Any CPU = Debug|Any CPU
		Release|Any CPU = Release|Any CPU
	EndGlobalSection
	GlobalSection(ProjectConfigurationPlatforms) = postSolution
		{227CF4D7-921C-41B1-9E64-928BE75314EC}.Debug|Any CPU.ActiveCfg = Debug|Any CPU
		{227CF4D7-921C-41B1-9E64-928BE75314EC}.Debug|Any CPU.Build.0 = Debug|Any CPU
		{227CF4D7-921C-41B1-9E64-928BE75314EC}.Release|Any CPU.ActiveCfg = Release|Any CPU
		{227CF4D7-921C-41B1-9E64-928BE75314EC}.Release|Any CPU.Build.0 = Release|Any CPU
	EndGlobalSection
	GlobalSection(SolutionProperties) = preSolution
		HideSolutionNode = FALSE
	EndGlobalSection
EndGlobal
